<Solution>
    <Folder Name="/Sources/">
        <Project Path="Sources/Enx.Atomic.Avalonia/Enx.Atomic.Avalonia.csproj" />
        <Project Path="Sources/Enx.Atomic.Avalonia.CodeGen/Enx.Atomic.Avalonia.CodeGen.csproj" />
    </Folder>
    <Folder Name="/Sources/Presets/">
        <Project Path="Sources/Enx.Atomic.Avalonia.Preset.Mini/Enx.Atomic.Avalonia.Preset.Mini.csproj" />
    </Folder>
    <Project Path="Sandbox/Sandbox.csproj" />
    <Folder Name="/Tests/">
        <Project Path="Tests/Enx.Atomic.Avalonia.Tests/Enx.Atomic.Avalonia.Tests.csproj" />
    </Folder>
    <Folder Name="/Examples/">
        <Project Path="Examples/Enx.Atomic.Avalonia.Example.App/Enx.Atomic.Avalonia.Example.App.csproj" />
        <Project Path="Examples/Enx.Atomic.Avalonia.Example.Config/Enx.Atomic.Avalonia.Example.Config.csproj" />
    </Folder>
</Solution>
